
Microsoft Visual Studio Solution File, Format Version 12.00
Project("{FAE04EC0-301F-11D3-BF4B-00C04F79EFBC}") = "Emby.HEVCTranscodeKiller", "Emby.HEVCTranscodeKiller\Emby.HEVCTranscodeKiller.csproj", "{6279D554-EEA2-4CCF-828E-EF27B79F950E}"
EndProject
Global
	GlobalSection(SolutionConfigurationPlatforms) = preSolution
		Debug|Any CPU = Debug|Any CPU
		Release|Any CPU = Release|Any CPU
	EndGlobalSection
	GlobalSection(ProjectConfigurationPlatforms) = postSolution
		{6279D554-EEA2-4CCF-828E-EF27B79F950E}.Debug|Any CPU.ActiveCfg = Debug|Any CPU
		{6279D554-EEA2-4CCF-828E-EF27B79F950E}.Debug|Any CPU.Build.0 = Debug|Any CPU
		{6279D554-EEA2-4CCF-828E-EF27B79F950E}.Release|Any CPU.ActiveCfg = Release|Any CPU
		{6279D554-EEA2-4CCF-828E-EF27B79F950E}.Release|Any CPU.Build.0 = Release|Any CPU
	EndGlobalSection
EndGlobal
